// !$*UTF8*$!
{
	archiveVersion = 1;
	classes = {
	};
	objectVersion = 50;
	objects = {

/* Begin PBXBuildFile section */
		21F538C0261BD041002F7754 /* SnakeApp.swift in Sources */ = {isa = PBXBuildFile; fileRef = 21F538BF261BD041002F7754 /* SnakeApp.swift */; };
		21F538C2261BD041002F7754 /* GameView.swift in Sources */ = {isa = PBXBuildFile; fileRef = 21F538C1261BD041002F7754 /* GameView.swift */; };
		21F538C4261BD042002F7754 /* Assets.xcassets in Resources */ = {isa = PBXBuildFile; fileRef = 21F538C3261BD042002F7754 /* Assets.xcassets */; };
		21F538C7261BD042002F7754 /* Preview Assets.xcassets in Resources */ = {isa = PBXBuildFile; fileRef = 21F538C6261BD042002F7754 /* Preview Assets.xcassets */; };
		21FB4EE2261BD13700636B97 /* Matrix.swift in Sources */ = {isa = PBXBuildFile; fileRef = 21FB4EE1261BD13700636B97 /* Matrix.swift */; };
		21FB4EE4261BD5ED00636B97 /* SnakeGame.swift in Sources */ = {isa = PBXBuildFile; fileRef = 21FB4EE3261BD5ED00636B97 /* SnakeGame.swift */; };
		21FB4EE6261BD70B00636B97 /* Coordinate.swift in Sources */ = {isa = PBXBuildFile; fileRef = 21FB4EE5261BD70B00636B97 /* Coordinate.swift */; };
/* End PBXBuildFile section */

/* Begin PBXFileReference section */
		21F538BC261BD041002F7754 /* Snake.app */ = {isa = PBXFileReference; explicitFileType = wrapper.application; includeInIndex = 0; path = Snake.app; sourceTree = BUILT_PRODUCTS_DIR; };
		21F538BF261BD041002F7754 /* SnakeApp.swift */ = {isa = PBXFileReference; lastKnownFileType = sourcecode.swift; path = SnakeApp.swift; sourceTree = "<group>"; };
		21F538C1261BD041002F7754 /* GameView.swift */ = {isa = PBXFileReference; lastKnownFileType = sourcecode.swift; path = GameView.swift; sourceTree = "<group>"; };
		21F538C3261BD042002F7754 /* Assets.xcassets */ = {isa = PBXFileReference; lastKnownFileType = folder.assetcatalog; path = Assets.xcassets; sourceTree = "<group>"; };
		21F538C6261BD042002F7754 /* Preview Assets.xcassets */ = {isa = PBXFileReference; lastKnownFileType = folder.assetcatalog; path = "Preview Assets.xcassets"; sourceTree = "<group>"; };
		21F538C8261BD042002F7754 /* Info.plist */ = {isa = PBXFileReference; lastKnownFileType = text.plist.xml; path = Info.plist; sourceTree = "<group>"; };
		21F538C9261BD042002F7754 /* Snake.entitlements */ = {isa = PBXFileReference; lastKnownFileType = text.plist.entitlements; path = Snake.entitlements; sourceTree = "<group>"; };
		21FB4EE1261BD13700636B97 /* Matrix.swift */ = {isa = PBXFileReference; lastKnownFileType = sourcecode.swift; path = Matrix.swift; sourceTree = "<group>"; };
		21FB4EE3261BD5ED00636B97 /* SnakeGame.swift */ = {isa = PBXFileReference; lastKnownFileType = sourcecode.swift; path = SnakeGame.swift; sourceTree = "<group>"; };
		21FB4EE5261BD70B00636B97 /* Coordinate.swift */ = {isa = PBXFileReference; lastKnownFileType = sourcecode.swift; path = Coordinate.swift; sourceTree = "<group>"; };
/* End PBXFileReference section */

/* Begin PBXFrameworksBuildPhase section */
		21F538B9261BD041002F7754 /* Frameworks */ = {
			isa = PBXFrameworksBuildPhase;
			buildActionMask = 2147483647;
			files = (
			);
			runOnlyForDeploymentPostprocessing = 0;
		};
/* End PBXFrameworksBuildPhase section */

/* Begin PBXGroup section */
		21F538B3261BD041002F7754 = {
			isa = PBXGroup;
			children = (
				21F538BE261BD041002F7754 /* Snake */,
				21F538BD261BD041002F7754 /* Products */,
			);
			sourceTree = "<group>";
		};
		21F538BD261BD041002F7754 /* Products */ = {
			isa = PBXGroup;
			children = (
				21F538BC261BD041002F7754 /* Snake.app */,
			);
			name = Products;
			sourceTree = "<group>";
		};
		21F538BE261BD041002F7754 /* Snake */ = {
			isa = PBXGroup;
			children = (
				21FB4EE7261BD71300636B97 /* Sources */,
				21FB4EE8261BD71D00636B97 /* Resources */,
				21FB4EE9261BD72500636B97 /* Support */,
			);
			path = Snake;
			sourceTree = "<group>";
		};
		21F538C5261BD042002F7754 /* Preview Content */ = {
			isa = PBXGroup;
			children = (
				21F538C6261BD042002F7754 /* Preview Assets.xcassets */,
			);
			path = "Preview Content";
			sourceTree = "<group>";
		};
		21FB4EE7261BD71300636B97 /* Sources */ = {
			isa = PBXGroup;
			children = (
				21F538BF261BD041002F7754 /* SnakeApp.swift */,
				21F538C1261BD041002F7754 /* GameView.swift */,
				21FB4EE1261BD13700636B97 /* Matrix.swift */,
				21FB4EE3261BD5ED00636B97 /* SnakeGame.swift */,
				21FB4EE5261BD70B00636B97 /* Coordinate.swift */,
			);
			path = Sources;
			sourceTree = "<group>";
		};
		21FB4EE8261BD71D00636B97 /* Resources */ = {
			isa = PBXGroup;
			children = (
				21F538C3261BD042002F7754 /* Assets.xcassets */,
			);
			path = Resources;
			sourceTree = "<group>";
		};
		21FB4EE9261BD72500636B97 /* Support */ = {
			isa = PBXGroup;
			children = (
				21F538C8261BD042002F7754 /* Info.plist */,
				21F538C9261BD042002F7754 /* Snake.entitlements */,
				21F538C5261BD042002F7754 /* Preview Content */,
			);
			path = Support;
			sourceTree = "<group>";
		};
/* End PBXGroup section */

/* Begin PBXNativeTarget section */
		21F538BB261BD041002F7754 /* Snake */ = {
			isa = PBXNativeTarget;
			buildConfigurationList = 21F538CC261BD042002F7754 /* Build configuration list for PBXNativeTarget "Snake" */;
			buildPhases = (
				21F538B8261BD041002F7754 /* Sources */,
				21F538B9261BD041002F7754 /* Frameworks */,
				21F538BA261BD041002F7754 /* Resources */,
			);
			buildRules = (
			);
			dependencies = (
			);
			name = Snake;
			productName = Snake;
			productReference = 21F538BC261BD041002F7754 /* Snake.app */;
			productType = "com.apple.product-type.application";
		};
/* End PBXNativeTarget section */

/* Begin PBXProject section */
		21F538B4261BD041002F7754 /* Project object */ = {
			isa = PBXProject;
			attributes = {
				LastSwiftUpdateCheck = 1250;
				LastUpgradeCheck = 1250;
				TargetAttributes = {
					21F538BB261BD041002F7754 = {
						CreatedOnToolsVersion = 12.5;
					};
				};
			};
			buildConfigurationList = 21F538B7261BD041002F7754 /* Build configuration list for PBXProject "Snake" */;
			compatibilityVersion = "Xcode 9.3";
			developmentRegion = en;
			hasScannedForEncodings = 0;
			knownRegions = (
				en,
				Base,
			);
			mainGroup = 21F538B3261BD041002F7754;
			productRefGroup = 21F538BD261BD041002F7754 /* Products */;
			projectDirPath = "";
			projectRoot = "";
			targets = (
				21F538BB261BD041002F7754 /* Snake */,
			);
		};
/* End PBXProject section */

/* Begin PBXResourcesBuildPhase section */
		21F538BA261BD041002F7754 /* Resources */ = {
			isa = PBXResourcesBuildPhase;
			buildActionMask = 2147483647;
			files = (
				21F538C7261BD042002F7754 /* Preview Assets.xcassets in Resources */,
				21F538C4261BD042002F7754 /* Assets.xcassets in Resources */,
			);
			runOnlyForDeploymentPostprocessing = 0;
		};
/* End PBXResourcesBuildPhase section */

/* Begin PBXSourcesBuildPhase section */
		21F538B8261BD041002F7754 /* Sources */ = {
			isa = PBXSourcesBuildPhase;
			buildActionMask = 2147483647;
			files = (
				21FB4EE4261BD5ED00636B97 /* SnakeGame.swift in Sources */,
				21F538C2261BD041002F7754 /* GameView.swift in Sources */,
				21F538C0261BD041002F7754 /* SnakeApp.swift in Sources */,
				21FB4EE2261BD13700636B97 /* Matrix.swift in Sources */,
				21FB4EE6261BD70B00636B97 /* Coordinate.swift in Sources */,
			);
			runOnlyForDeploymentPostprocessing = 0;
		};
/* End PBXSourcesBuildPhase section */

/* Begin XCBuildConfiguration section */
		21F538CA261BD042002F7754 /* Debug */ = {
			isa = XCBuildConfiguration;
			buildSettings = {
				ALWAYS_SEARCH_USER_PATHS = NO;
				CLANG_ANALYZER_NONNULL = YES;
				CLANG_ANALYZER_NUMBER_OBJECT_CONVERSION = YES_AGGRESSIVE;
				CLANG_CXX_LANGUAGE_STANDARD = "gnu++14";
				CLANG_CXX_LIBRARY = "libc++";
				CLANG_ENABLE_MODULES = YES;
				CLANG_ENABLE_OBJC_ARC = YES;
				CLANG_ENABLE_OBJC_WEAK = YES;
				CLANG_WARN_BLOCK_CAPTURE_AUTORELEASING = YES;
				CLANG_WARN_BOOL_CONVERSION = YES;
				CLANG_WARN_COMMA = YES;
				CLANG_WARN_CONSTANT_CONVERSION = YES;
				CLANG_WARN_DEPRECATED_OBJC_IMPLEMENTATIONS = YES;
				CLANG_WARN_DIRECT_OBJC_ISA_USAGE = YES_ERROR;
				CLANG_WARN_DOCUMENTATION_COMMENTS = YES;
				CLANG_WARN_EMPTY_BODY = YES;
				CLANG_WARN_ENUM_CONVERSION = YES;
				CLANG_WARN_INFINITE_RECURSION = YES;
				CLANG_WARN_INT_CONVERSION = YES;
				CLANG_WARN_NON_LITERAL_NULL_CONVERSION = YES;
				CLANG_WARN_OBJC_IMPLICIT_RETAIN_SELF = YES;
				CLANG_WARN_OBJC_LITERAL_CONVERSION = YES;
				CLANG_WARN_OBJC_ROOT_CLASS = YES_ERROR;
				CLANG_WARN_QUOTED_INCLUDE_IN_FRAMEWORK_HEADER = YES;
				CLANG_WARN_RANGE_LOOP_ANALYSIS = YES;
				CLANG_WARN_STRICT_PROTOTYPES = YES;
				CLANG_WARN_SUSPICIOUS_MOVE = YES;
				CLANG_WARN_UNGUARDED_AVAILABILITY = YES_AGGRESSIVE;
				CLANG_WARN_UNREACHABLE_CODE = YES;
				CLANG_WARN__DUPLICATE_METHOD_MATCH = YES;
				COPY_PHASE_STRIP = NO;
				DEBUG_INFORMATION_FORMAT = dwarf;
				ENABLE_STRICT_OBJC_MSGSEND = YES;
				ENABLE_TESTABILITY = YES;
				GCC_C_LANGUAGE_STANDARD = gnu11;
				GCC_DYNAMIC_NO_PIC = NO;
				GCC_NO_COMMON_BLOCKS = YES;
				GCC_OPTIMIZATION_LEVEL = 0;
				GCC_PREPROCESSOR_DEFINITIONS = (
					"DEBUG=1",
					"$(inherited)",
				);
				GCC_WARN_64_TO_32_BIT_CONVERSION = YES;
				GCC_WARN_ABOUT_RETURN_TYPE = YES_ERROR;
				GCC_WARN_UNDECLARED_SELECTOR = YES;
				GCC_WARN_UNINITIALIZED_AUTOS = YES_AGGRESSIVE;
				GCC_WARN_UNUSED_FUNCTION = YES;
				GCC_WARN_UNUSED_VARIABLE = YES;
				MACOSX_DEPLOYMENT_TARGET = 11.2;
				MTL_ENABLE_DEBUG_INFO = INCLUDE_SOURCE;
				MTL_FAST_MATH = YES;
				ONLY_ACTIVE_ARCH = YES;
				SDKROOT = macosx;
				SWIFT_ACTIVE_COMPILATION_CONDITIONS = DEBUG;
				SWIFT_OPTIMIZATION_LEVEL = "-Onone";
			};
			name = Debug;
		};
		21F538CB261BD042002F7754 /* Release */ = {
			isa = XCBuildConfiguration;
			buildSettings = {
				ALWAYS_SEARCH_USER_PATHS = NO;
				CLANG_ANALYZER_NONNULL = YES;
				CLANG_ANALYZER_NUMBER_OBJECT_CONVERSION = YES_AGGRESSIVE;
				CLANG_CXX_LANGUAGE_STANDARD = "gnu++14";
				CLANG_CXX_LIBRARY = "libc++";
				CLANG_ENABLE_MODULES = YES;
				CLANG_ENABLE_OBJC_ARC = YES;
				CLANG_ENABLE_OBJC_WEAK = YES;
				CLANG_WARN_BLOCK_CAPTURE_AUTORELEASING = YES;
				CLANG_WARN_BOOL_CONVERSION = YES;
				CLANG_WARN_COMMA = YES;
				CLANG_WARN_CONSTANT_CONVERSION = YES;
				CLANG_WARN_DEPRECATED_OBJC_IMPLEMENTATIONS = YES;
				CLANG_WARN_DIRECT_OBJC_ISA_USAGE = YES_ERROR;
				CLANG_WARN_DOCUMENTATION_COMMENTS = YES;
				CLANG_WARN_EMPTY_BODY = YES;
				CLANG_WARN_ENUM_CONVERSION = YES;
				CLANG_WARN_INFINITE_RECURSION = YES;
				CLANG_WARN_INT_CONVERSION = YES;
				CLANG_WARN_NON_LITERAL_NULL_CONVERSION = YES;
				CLANG_WARN_OBJC_IMPLICIT_RETAIN_SELF = YES;
				CLANG_WARN_OBJC_LITERAL_CONVERSION = YES;
				CLANG_WARN_OBJC_ROOT_CLASS = YES_ERROR;
				CLANG_WARN_QUOTED_INCLUDE_IN_FRAMEWORK_HEADER = YES;
				CLANG_WARN_RANGE_LOOP_ANALYSIS = YES;
				CLANG_WARN_STRICT_PROTOTYPES = YES;
				CLANG_WARN_SUSPICIOUS_MOVE = YES;
				CLANG_WARN_UNGUARDED_AVAILABILITY = YES_AGGRESSIVE;
				CLANG_WARN_UNREACHABLE_CODE = YES;
				CLANG_WARN__DUPLICATE_METHOD_MATCH = YES;
				COPY_PHASE_STRIP = NO;
				DEBUG_INFORMATION_FORMAT = "dwarf-with-dsym";
				ENABLE_NS_ASSERTIONS = NO;
				ENABLE_STRICT_OBJC_MSGSEND = YES;
				GCC_C_LANGUAGE_STANDARD = gnu11;
				GCC_NO_COMMON_BLOCKS = YES;
				GCC_WARN_64_TO_32_BIT_CONVERSION = YES;
				GCC_WARN_ABOUT_RETURN_TYPE = YES_ERROR;
				GCC_WARN_UNDECLARED_SELECTOR = YES;
				GCC_WARN_UNINITIALIZED_AUTOS = YES_AGGRESSIVE;
				GCC_WARN_UNUSED_FUNCTION = YES;
				GCC_WARN_UNUSED_VARIABLE = YES;
				MACOSX_DEPLOYMENT_TARGET = 11.2;
				MTL_ENABLE_DEBUG_INFO = NO;
				MTL_FAST_MATH = YES;
				SDKROOT = macosx;
				SWIFT_COMPILATION_MODE = wholemodule;
				SWIFT_OPTIMIZATION_LEVEL = "-O";
			};
			name = Release;
		};
		21F538CD261BD042002F7754 /* Debug */ = {
			isa = XCBuildConfiguration;
			buildSettings = {
				ASSETCATALOG_COMPILER_APPICON_NAME = AppIcon;
				ASSETCATALOG_COMPILER_GLOBAL_ACCENT_COLOR_NAME = AccentColor;
				CODE_SIGN_ENTITLEMENTS = Snake/Support/Snake.entitlements;
				CODE_SIGN_STYLE = Automatic;
				COMBINE_HIDPI_IMAGES = YES;
				DEVELOPMENT_ASSET_PATHS = "\"Snake/Support/Preview Content\"";
				DEVELOPMENT_TEAM = LHDXBG4XBK;
				ENABLE_HARDENED_RUNTIME = YES;
				ENABLE_PREVIEWS = YES;
				INFOPLIST_FILE = Snake/Support/Info.plist;
				LD_RUNPATH_SEARCH_PATHS = (
					"$(inherited)",
					"@executable_path/../Frameworks",
				);
				MACOSX_DEPLOYMENT_TARGET = 11.0;
				PRODUCT_BUNDLE_IDENTIFIER = com.samsoffes.Snake;
				PRODUCT_NAME = "$(TARGET_NAME)";
				SWIFT_VERSION = 5.0;
			};
			name = Debug;
		};
		21F538CE261BD042002F7754 /* Release */ = {
			isa = XCBuildConfiguration;
			buildSettings = {
				ASSETCATALOG_COMPILER_APPICON_NAME = AppIcon;
				ASSETCATALOG_COMPILER_GLOBAL_ACCENT_COLOR_NAME = AccentColor;
				CODE_SIGN_ENTITLEMENTS = Snake/Support/Snake.entitlements;
				CODE_SIGN_STYLE = Automatic;
				COMBINE_HIDPI_IMAGES = YES;
				DEVELOPMENT_ASSET_PATHS = "\"Snake/Support/Preview Content\"";
				DEVELOPMENT_TEAM = LHDXBG4XBK;
				ENABLE_HARDENED_RUNTIME = YES;
				ENABLE_PREVIEWS = YES;
				INFOPLIST_FILE = Snake/Support/Info.plist;
				LD_RUNPATH_SEARCH_PATHS = (
					"$(inherited)",
					"@executable_path/../Frameworks",
				);
				MACOSX_DEPLOYMENT_TARGET = 11.0;
				PRODUCT_BUNDLE_IDENTIFIER = com.samsoffes.Snake;
				PRODUCT_NAME = "$(TARGET_NAME)";
				SWIFT_VERSION = 5.0;
			};
			name = Release;
		};
/* End XCBuildConfiguration section */

/* Begin XCConfigurationList section */
		21F538B7261BD041002F7754 /* Build configuration list for PBXProject "Snake" */ = {
			isa = XCConfigurationList;
			buildConfigurations = (
				21F538CA261BD042002F7754 /* Debug */,
				21F538CB261BD042002F7754 /* Release */,
			);
			defaultConfigurationIsVisible = 0;
			defaultConfigurationName = Release;
		};
		21F538CC261BD042002F7754 /* Build configuration list for PBXNativeTarget "Snake" */ = {
			isa = XCConfigurationList;
			buildConfigurations = (
				21F538CD261BD042002F7754 /* Debug */,
				21F538CE261BD042002F7754 /* Release */,
			);
			defaultConfigurationIsVisible = 0;
			defaultConfigurationName = Release;
		};
/* End XCConfigurationList section */
	};
	rootObject = 21F538B4261BD041002F7754 /* Project object */;
}
